
Microsoft Visual Studio Solution File, Format Version 12.00
# Visual Studio Version 16
VisualStudioVersion = 16.0.30717.126
MinimumVisualStudioVersion = 10.0.40219.1
Project("{2150E333-8FDC-42A3-9474-1A3956D46DE8}") = "App", "App", "{104E8C5B-E7D1-48C4-A513-AF3BBC6F3E05}"
EndProject
Project("{9A19103F-16F7-4668-BE54-9A1E7A4F7556}") = "App", "src\Apps\App.csproj", "{F7BE2FAC-B94D-4897-AD16-3E62FF788FAA}"
EndProject
Project("{2150E333-8FDC-42A3-9474-1A3956D46DE8}") = "Models", "Models", "{BAF23433-4676-4CAA-8257-B40BDAEB8214}"
EndProject
Project("{9A19103F-16F7-4668-BE54-9A1E7A4F7556}") = "Stack", "src\Models\Stack\Stack.csproj", "{7AAB890D-84B0-4DDC-BC47-7120CC016148}"
EndProject
Project("{2150E333-8FDC-42A3-9474-1A3956D46DE8}") = "Tests", "Tests", "{F10B99E3-CDF6-484C-BF2C-BF8604B30490}"
EndProject
Project("{9A19103F-16F7-4668-BE54-9A1E7A4F7556}") = "ModelsTests", "tests\ModelsTests\ModelsTests.csproj", "{0CC9CF7F-1FEB-44FE-A2AA-93A3BDB9399B}"
EndProject
Project("{9A19103F-16F7-4668-BE54-9A1E7A4F7556}") = "ListModel", "src\Models\LinkedList\ListModel.csproj", "{AA175ADB-095D-433B-A273-10B5EED4B360}"
EndProject
Project("{9A19103F-16F7-4668-BE54-9A1E7A4F7556}") = "DynamicArray", "src\Models\DynamicArray\DynamicArray.csproj", "{9F4AEC72-F82B-48EE-A4A3-F8005D50F245}"
EndProject
Project("{9A19103F-16F7-4668-BE54-9A1E7A4F7556}") = "Queues", "src\Models\Queue\Queues.csproj", "{170C7735-8E0D-4719-BED2-F30A9A3D5E77}"
EndProject
Project("{9A19103F-16F7-4668-BE54-9A1E7A4F7556}") = "HashTable", "src\Models\HashTable\HashTable.csproj", "{51F2F251-A554-4922-B876-7DD17914AB5B}"
EndProject
Project("{FAE04EC0-301F-11D3-BF4B-00C04F79EFBC}") = "NativeDictionary", "src\Models\NativeDictionary\NativeDictionary.csproj", "{0BEAEA8A-57BB-4115-85DE-DFFC67EB05CC}"
EndProject
Global
	GlobalSection(SolutionConfigurationPlatforms) = preSolution
		Debug|Any CPU = Debug|Any CPU
		Release|Any CPU = Release|Any CPU
	EndGlobalSection
	GlobalSection(ProjectConfigurationPlatforms) = postSolution
		{F7BE2FAC-B94D-4897-AD16-3E62FF788FAA}.Debug|Any CPU.ActiveCfg = Debug|Any CPU
		{F7BE2FAC-B94D-4897-AD16-3E62FF788FAA}.Debug|Any CPU.Build.0 = Debug|Any CPU
		{F7BE2FAC-B94D-4897-AD16-3E62FF788FAA}.Release|Any CPU.ActiveCfg = Release|Any CPU
		{F7BE2FAC-B94D-4897-AD16-3E62FF788FAA}.Release|Any CPU.Build.0 = Release|Any CPU
		{7AAB890D-84B0-4DDC-BC47-7120CC016148}.Debug|Any CPU.ActiveCfg = Debug|Any CPU
		{7AAB890D-84B0-4DDC-BC47-7120CC016148}.Debug|Any CPU.Build.0 = Debug|Any CPU
		{7AAB890D-84B0-4DDC-BC47-7120CC016148}.Release|Any CPU.ActiveCfg = Release|Any CPU
		{7AAB890D-84B0-4DDC-BC47-7120CC016148}.Release|Any CPU.Build.0 = Release|Any CPU
		{0CC9CF7F-1FEB-44FE-A2AA-93A3BDB9399B}.Debug|Any CPU.ActiveCfg = Debug|Any CPU
		{0CC9CF7F-1FEB-44FE-A2AA-93A3BDB9399B}.Debug|Any CPU.Build.0 = Debug|Any CPU
		{0CC9CF7F-1FEB-44FE-A2AA-93A3BDB9399B}.Release|Any CPU.ActiveCfg = Release|Any CPU
		{0CC9CF7F-1FEB-44FE-A2AA-93A3BDB9399B}.Release|Any CPU.Build.0 = Release|Any CPU
		{AA175ADB-095D-433B-A273-10B5EED4B360}.Debug|Any CPU.ActiveCfg = Debug|Any CPU
		{AA175ADB-095D-433B-A273-10B5EED4B360}.Debug|Any CPU.Build.0 = Debug|Any CPU
		{AA175ADB-095D-433B-A273-10B5EED4B360}.Release|Any CPU.ActiveCfg = Release|Any CPU
		{AA175ADB-095D-433B-A273-10B5EED4B360}.Release|Any CPU.Build.0 = Release|Any CPU
		{9F4AEC72-F82B-48EE-A4A3-F8005D50F245}.Debug|Any CPU.ActiveCfg = Debug|Any CPU
		{9F4AEC72-F82B-48EE-A4A3-F8005D50F245}.Debug|Any CPU.Build.0 = Debug|Any CPU
		{9F4AEC72-F82B-48EE-A4A3-F8005D50F245}.Release|Any CPU.ActiveCfg = Release|Any CPU
		{9F4AEC72-F82B-48EE-A4A3-F8005D50F245}.Release|Any CPU.Build.0 = Release|Any CPU
		{170C7735-8E0D-4719-BED2-F30A9A3D5E77}.Debug|Any CPU.ActiveCfg = Debug|Any CPU
		{170C7735-8E0D-4719-BED2-F30A9A3D5E77}.Debug|Any CPU.Build.0 = Debug|Any CPU
		{170C7735-8E0D-4719-BED2-F30A9A3D5E77}.Release|Any CPU.ActiveCfg = Release|Any CPU
		{170C7735-8E0D-4719-BED2-F30A9A3D5E77}.Release|Any CPU.Build.0 = Release|Any CPU
		{51F2F251-A554-4922-B876-7DD17914AB5B}.Debug|Any CPU.ActiveCfg = Debug|Any CPU
		{51F2F251-A554-4922-B876-7DD17914AB5B}.Debug|Any CPU.Build.0 = Debug|Any CPU
		{51F2F251-A554-4922-B876-7DD17914AB5B}.Release|Any CPU.ActiveCfg = Release|Any CPU
		{51F2F251-A554-4922-B876-7DD17914AB5B}.Release|Any CPU.Build.0 = Release|Any CPU
		{0BEAEA8A-57BB-4115-85DE-DFFC67EB05CC}.Debug|Any CPU.ActiveCfg = Debug|Any CPU
		{0BEAEA8A-57BB-4115-85DE-DFFC67EB05CC}.Debug|Any CPU.Build.0 = Debug|Any CPU
		{0BEAEA8A-57BB-4115-85DE-DFFC67EB05CC}.Release|Any CPU.ActiveCfg = Release|Any CPU
		{0BEAEA8A-57BB-4115-85DE-DFFC67EB05CC}.Release|Any CPU.Build.0 = Release|Any CPU
	EndGlobalSection
	GlobalSection(SolutionProperties) = preSolution
		HideSolutionNode = FALSE
	EndGlobalSection
	GlobalSection(NestedProjects) = preSolution
		{F7BE2FAC-B94D-4897-AD16-3E62FF788FAA} = {104E8C5B-E7D1-48C4-A513-AF3BBC6F3E05}
		{7AAB890D-84B0-4DDC-BC47-7120CC016148} = {BAF23433-4676-4CAA-8257-B40BDAEB8214}
		{0CC9CF7F-1FEB-44FE-A2AA-93A3BDB9399B} = {F10B99E3-CDF6-484C-BF2C-BF8604B30490}
		{AA175ADB-095D-433B-A273-10B5EED4B360} = {BAF23433-4676-4CAA-8257-B40BDAEB8214}
		{9F4AEC72-F82B-48EE-A4A3-F8005D50F245} = {BAF23433-4676-4CAA-8257-B40BDAEB8214}
		{170C7735-8E0D-4719-BED2-F30A9A3D5E77} = {BAF23433-4676-4CAA-8257-B40BDAEB8214}
		{51F2F251-A554-4922-B876-7DD17914AB5B} = {BAF23433-4676-4CAA-8257-B40BDAEB8214}
		{0BEAEA8A-57BB-4115-85DE-DFFC67EB05CC} = {BAF23433-4676-4CAA-8257-B40BDAEB8214}
	EndGlobalSection
	GlobalSection(ExtensibilityGlobals) = postSolution
		SolutionGuid = {7F887DE6-F847-4B39-9251-AAE673E18FD5}
	EndGlobalSection
EndGlobal
